
Microsoft Visual Studio Solution File, Format Version 12.00
# Visual Studio Version 16
VisualStudioVersion = 16.0.30104.148
MinimumVisualStudioVersion = 10.0.40219.1
Project("{FAE04EC0-301F-11D3-BF4B-00C04F79EFBC}") = "DiceRolls", "DiceRolls\DiceRolls.csproj", "{4BBAF85A-D441-45DC-AB28-5C3FFC4171AA}"
EndProject
Global
	GlobalSection(SolutionConfigurationPlatforms) = preSolution
		Debug|Any CPU = Debug|Any CPU
		Release|Any CPU = Release|Any CPU
	EndGlobalSection
	GlobalSection(ProjectConfigurationPlatforms) = postSolution
		{4BBAF85A-D441-45DC-AB28-5C3FFC4171AA}.Debug|Any CPU.ActiveCfg = Debug|Any CPU
		{4BBAF85A-D441-45DC-AB28-5C3FFC4171AA}.Debug|Any CPU.Build.0 = Debug|Any CPU
		{4BBAF85A-D441-45DC-AB28-5C3FFC4171AA}.Release|Any CPU.ActiveCfg = Release|Any CPU
		{4BBAF85A-D441-45DC-AB28-5C3FFC4171AA}.Release|Any CPU.Build.0 = Release|Any CPU
	EndGlobalSection
	GlobalSection(SolutionProperties) = preSolution
		HideSolutionNode = FALSE
	EndGlobalSection
	GlobalSection(ExtensibilityGlobals) = postSolution
		SolutionGuid = {91DFC6E1-E826-4A64-93CB-486F9DD9E9DC}
	EndGlobalSection
EndGlobal
